
Microsoft Visual Studio Solution File, Format Version 12.00
# Visual Studio Version 17
VisualStudioVersion = 17.14.36408.4
MinimumVisualStudioVersion = 10.0.40219.1
Project("{FAE04EC0-301F-11D3-BF4B-00C04F79EFBC}") = "Awd", "Awd\Awd.csproj", "{BF27B31D-07DD-4EA5-BFAA-F0CD83271029}"
EndProject
Project("{8BC9CEB8-8B4A-11D0-8D11-00A0C91BC942}") = "awdbedit", "awdbedit\awdbedit.vcxproj", "{8CDC718E-5AA8-46FB-A22F-4A3612DA833F}"
EndProject
Global
	GlobalSection(SolutionConfigurationPlatforms) = preSolution
		Debug|Any CPU = Debug|Any CPU
		Debug|x86 = Debug|x86
		Release|Any CPU = Release|Any CPU
		Release|x86 = Release|x86
	EndGlobalSection
	GlobalSection(ProjectConfigurationPlatforms) = postSolution
		{BF27B31D-07DD-4EA5-BFAA-F0CD83271029}.Debug|Any CPU.ActiveCfg = Debug|Any CPU
		{BF27B31D-07DD-4EA5-BFAA-F0CD83271029}.Debug|Any CPU.Build.0 = Debug|Any CPU
		{BF27B31D-07DD-4EA5-BFAA-F0CD83271029}.Debug|x86.ActiveCfg = Debug|Any CPU
		{BF27B31D-07DD-4EA5-BFAA-F0CD83271029}.Debug|x86.Build.0 = Debug|Any CPU
		{BF27B31D-07DD-4EA5-BFAA-F0CD83271029}.Release|Any CPU.ActiveCfg = Release|Any CPU
		{BF27B31D-07DD-4EA5-BFAA-F0CD83271029}.Release|Any CPU.Build.0 = Release|Any CPU
		{BF27B31D-07DD-4EA5-BFAA-F0CD83271029}.Release|x86.ActiveCfg = Release|Any CPU
		{BF27B31D-07DD-4EA5-BFAA-F0CD83271029}.Release|x86.Build.0 = Release|Any CPU
		{8CDC718E-5AA8-46FB-A22F-4A3612DA833F}.Debug|Any CPU.ActiveCfg = Debug|Win32
		{8CDC718E-5AA8-46FB-A22F-4A3612DA833F}.Debug|Any CPU.Build.0 = Debug|Win32
		{8CDC718E-5AA8-46FB-A22F-4A3612DA833F}.Debug|x86.ActiveCfg = Debug|Win32
		{8CDC718E-5AA8-46FB-A22F-4A3612DA833F}.Debug|x86.Build.0 = Debug|Win32
		{8CDC718E-5AA8-46FB-A22F-4A3612DA833F}.Release|Any CPU.ActiveCfg = Release|Win32
		{8CDC718E-5AA8-46FB-A22F-4A3612DA833F}.Release|Any CPU.Build.0 = Release|Win32
		{8CDC718E-5AA8-46FB-A22F-4A3612DA833F}.Release|x86.ActiveCfg = Release|Win32
		{8CDC718E-5AA8-46FB-A22F-4A3612DA833F}.Release|x86.Build.0 = Release|Win32
	EndGlobalSection
	GlobalSection(SolutionProperties) = preSolution
		HideSolutionNode = FALSE
	EndGlobalSection
	GlobalSection(ExtensibilityGlobals) = postSolution
		SolutionGuid = {3C14FB40-9364-40A8-8B12-05C7298162A7}
	EndGlobalSection
EndGlobal
