<?xml version="1.0" encoding="utf-8"?>
<Project DefaultTargets="Build" ToolsVersion="4.0" xmlns="http://schemas.microsoft.com/developer/msbuild/2003">
  <ItemGroup>
    <Filter Include="Resource Files">
      <Extensions>rc;ico;cur;bmp;dlg;rc2;rct;bin;rgs;gif;jpg;jpeg;jpe;resx;tiff;tif;png;wav;mfcribbon-ms</Extensions>
      <UniqueIdentifier>{67DA6AB6-F800-4C08-8B7A-83BB121AAD01}</UniqueIdentifier>
    </Filter>
    <Filter Include="Library Files">
      <UniqueIdentifier>{6BE20910-CCA7-47B4-B1D3-152E3465488A}</UniqueIdentifier>
    </Filter>
    <Filter Include="Header Files">
      <UniqueIdentifier>{7a570628-da14-46c1-a7d0-bd23c00ddab4}</UniqueIdentifier>
    </Filter>
    <Filter Include="Source Files">
      <UniqueIdentifier>{9b0d9983-6da3-4e29-bfbf-610f8137074a}</UniqueIdentifier>
    </Filter>
    <Filter Include="Source Files\LZH engine">
      <UniqueIdentifier>{dcc142f2-41e0-47f4-a14e-28f301417dc5}</UniqueIdentifier>
    </Filter>
  </ItemGroup>
  <ItemGroup>
    <None Include="..\..\..\MSVC6\VC98\Lib\COMCTL32.LIB">
      <Filter>Library Files</Filter>
    </None>
  </ItemGroup>
  <ItemGroup>
    <ClInclude Include="lzh.h">
      <Filter>Header Files</Filter>
    </ClInclude>
    <ClInclude Include="types.h">
      <Filter>Header Files</Filter>
    </ClInclude>
    <ClInclude Include="lzhEngine\lzhEngine.h">
      <Filter>Source Files\LZH engine</Filter>
    </ClInclude>
    <ClInclude Include="lzhEngine_exports.h">
      <Filter>Header Files</Filter>
    </ClInclude>
  </ItemGroup>
  <ItemGroup>
    <ClCompile Include="lzh.cpp">
      <Filter>Source Files</Filter>
    </ClCompile>
    <ClCompile Include="lzhEngine\decode.cpp">
      <Filter>Source Files\LZH engine</Filter>
    </ClCompile>
    <ClCompile Include="lzhEngine\encode.cpp">
      <Filter>Source Files\LZH engine</Filter>
    </ClCompile>
    <ClCompile Include="lzhEngine\huf.cpp">
      <Filter>Source Files\LZH engine</Filter>
    </ClCompile>
    <ClCompile Include="lzhEngine\io.cpp">
      <Filter>Source Files\LZH engine</Filter>
    </ClCompile>
    <ClCompile Include="lzhEngine\maketbl.cpp">
      <Filter>Source Files\LZH engine</Filter>
    </ClCompile>
    <ClCompile Include="lzhEngine\maketree.cpp">
      <Filter>Source Files\LZH engine</Filter>
    </ClCompile>
  </ItemGroup>
</Project>